
Microsoft Visual Studio Solution File, Format Version 12.00
# Visual Studio 15
VisualStudioVersion = 15.0.27703.2035
MinimumVisualStudioVersion = 10.0.40219.1
Project("{FAE04EC0-301F-11D3-BF4B-00C04F79EFBC}") = "FileManager_WindowsForms", "FileManager_WindowsForms\FileManager_WindowsForms.csproj", "{254010EB-0E1E-4184-A908-C4B2BE42A345}"
EndProject
Global
	GlobalSection(SolutionConfigurationPlatforms) = preSolution
		Debug|Any CPU = Debug|Any CPU
		Release|Any CPU = Release|Any CPU
	EndGlobalSection
	GlobalSection(ProjectConfigurationPlatforms) = postSolution
		{254010EB-0E1E-4184-A908-C4B2BE42A345}.Debug|Any CPU.ActiveCfg = Debug|Any CPU
		{254010EB-0E1E-4184-A908-C4B2BE42A345}.Debug|Any CPU.Build.0 = Debug|Any CPU
		{254010EB-0E1E-4184-A908-C4B2BE42A345}.Release|Any CPU.ActiveCfg = Release|Any CPU
		{254010EB-0E1E-4184-A908-C4B2BE42A345}.Release|Any CPU.Build.0 = Release|Any CPU
	EndGlobalSection
	GlobalSection(SolutionProperties) = preSolution
		HideSolutionNode = FALSE
	EndGlobalSection
	GlobalSection(ExtensibilityGlobals) = postSolution
		SolutionGuid = {2682F821-0892-4B6A-8ECF-3FA7F74F7702}
	EndGlobalSection
EndGlobal
